
Microsoft Visual Studio Solution File, Format Version 12.00
# Visual Studio Version 17
VisualStudioVersion = 17.9.34616.47
MinimumVisualStudioVersion = 10.0.40219.1
Project("{FAE04EC0-301F-11D3-BF4B-00C04F79EFBC}") = "SqlExcelDoc", "SqlExcelDoc\SqlExcelDoc.csproj", "{8458B645-2B98-4C02-ABBE-B84DA5BF78F8}"
EndProject
Global
	GlobalSection(SolutionConfigurationPlatforms) = preSolution
		Debug|Any CPU = Debug|Any CPU
		Release|Any CPU = Release|Any CPU
	EndGlobalSection
	GlobalSection(ProjectConfigurationPlatforms) = postSolution
		{8458B645-2B98-4C02-ABBE-B84DA5BF78F8}.Debug|Any CPU.ActiveCfg = Debug|Any CPU
		{8458B645-2B98-4C02-ABBE-B84DA5BF78F8}.Debug|Any CPU.Build.0 = Debug|Any CPU
		{8458B645-2B98-4C02-ABBE-B84DA5BF78F8}.Release|Any CPU.ActiveCfg = Release|Any CPU
		{8458B645-2B98-4C02-ABBE-B84DA5BF78F8}.Release|Any CPU.Build.0 = Release|Any CPU
	EndGlobalSection
	GlobalSection(SolutionProperties) = preSolution
		HideSolutionNode = FALSE
	EndGlobalSection
	GlobalSection(ExtensibilityGlobals) = postSolution
		SolutionGuid = {BF81974B-090C-40F8-8047-14623F587236}
	EndGlobalSection
EndGlobal
